{
  "name": "homebridge-igenix-air-conditioner",
  "version": "1.0.0",
  "lockfileVersion": 1,
  "requires": true,
  "dependencies": {
    "async": {
      "version": "2.6.1",
      "resolved": "https://registry.npmjs.org/async/-/async-2.6.1.tgz",
      "integrity": "sha512-fNEiL2+AZt6AlAw/29Cr0UDe4sRAHCpEHh54WMz+Bb7QfNcFw4h3loofyJpLeQs4Yx7yuqu/2dLgM5hKOs6HlQ==",
      "requires": {
        "lodash": "4.17.10"
      }
    },
    "debug": {
      "version": "3.1.0",
      "resolved": "https://registry.npmjs.org/debug/-/debug-3.1.0.tgz",
      "integrity": "sha512-OX8XqP7/1a9cqkxYw2yXss15f26NKWBpDXQd0/uK/KPqdQhxbPa994hnzjcE2VqQpDslf55723cKPUOGSmMY3g==",
      "requires": {
        "ms": "2.0.0"
      }
    },
    "escape-string-regexp": {
      "version": "1.0.5",
      "resolved": "https://registry.npmjs.org/escape-string-regexp/-/escape-string-regexp-1.0.5.tgz",
      "integrity": "sha1-G2HAViGQqN/2rjuyzwIAyhMLhtQ="
    },
    "lodash": {
      "version": "4.17.10",
      "resolved": "https://registry.npmjs.org/lodash/-/lodash-4.17.10.tgz",
      "integrity": "sha512-UejweD1pDoXu+AD825lWwp4ZGtSwgnpZxb3JDViD7StjQz+Nb/6l093lx4OQ0foGWNRoc19mWy7BzL+UAK2iVg=="
    },
    "ms": {
      "version": "2.0.0",
      "resolved": "https://registry.npmjs.org/ms/-/ms-2.0.0.tgz",
      "integrity": "sha1-VgiurfwAvmwpAd9fmGF4jeDVl8g="
    },
    "net-retry-connect": {
      "version": "0.1.1",
      "resolved": "https://registry.npmjs.org/net-retry-connect/-/net-retry-connect-0.1.1.tgz",
      "integrity": "sha1-rJUsT1D+5DPcb8tZXzw/GZNsX80=",
      "requires": {
        "retry": "0.9.0"
      },
      "dependencies": {
        "retry": {
          "version": "0.9.0",
          "resolved": "https://registry.npmjs.org/retry/-/retry-0.9.0.tgz",
          "integrity": "sha1-b2l+UKDk3cjI9/tUeptg3q1DZ40="
        }
      }
    },
    "node-forge": {
      "version": "0.7.5",
      "resolved": "https://registry.npmjs.org/node-forge/-/node-forge-0.7.5.tgz",
      "integrity": "sha512-MmbQJ2MTESTjt3Gi/3yG1wGpIMhUfcIypUCGtTizFR9IiccFwxSpfp0vtIZlkFclEqERemxfnSdZEMR9VqqEFQ=="
    },
    "p-finally": {
      "version": "1.0.0",
      "resolved": "https://registry.npmjs.org/p-finally/-/p-finally-1.0.0.tgz",
      "integrity": "sha1-P7z7FbiZpEEjs0ttzBi3JDNqLK4="
    },
    "p-timeout": {
      "version": "2.0.1",
      "resolved": "https://registry.npmjs.org/p-timeout/-/p-timeout-2.0.1.tgz",
      "integrity": "sha512-88em58dDVB/KzPEx1X0N3LwFfYZPyDc4B6eF38M1rk9VTZMbxXXgjugz8mmwpS9Ox4BDZ+t6t3QP5+/gazweIA==",
      "requires": {
        "p-finally": "1.0.0"
      }
    },
    "regex-occurrence": {
      "version": "1.0.0",
      "resolved": "https://registry.npmjs.org/regex-occurrence/-/regex-occurrence-1.0.0.tgz",
      "integrity": "sha1-me586aDaPwVm4D32iZuATDbtDvo="
    },
    "retry": {
      "version": "0.10.1",
      "resolved": "https://registry.npmjs.org/retry/-/retry-0.10.1.tgz",
      "integrity": "sha1-52OI0heZLCUnUCQdPTlW/tmNj/Q="
    },
    "string-occurrence": {
      "version": "1.2.0",
      "resolved": "https://registry.npmjs.org/string-occurrence/-/string-occurrence-1.2.0.tgz",
      "integrity": "sha1-YFS+js9K9IfSHlIC7SUaaTAwt2A=",
      "requires": {
        "escape-string-regexp": "1.0.5",
        "regex-occurrence": "1.0.0"
      }
    },
    "tuyapi": {
      "version": "2.0.3",
      "resolved": "https://registry.npmjs.org/tuyapi/-/tuyapi-2.0.3.tgz",
      "integrity": "sha512-3pJY/Ydp5frb8uXrhMGBIBvJ4s3hqn3gigfR5B0ddeH/u3+X4UneaI4T0Nud9XFbj++JiVw94C7GrjMXLOVlrQ==",
      "requires": {
        "debug": "3.1.0",
        "net-retry-connect": "0.1.1",
        "node-forge": "0.7.5",
        "p-timeout": "2.0.1",
        "retry": "0.10.1",
        "string-occurrence": "1.2.0"
      }
    }
  }
}
